
Microsoft Visual Studio Solution File, Format Version 12.00
# Visual Studio 14
VisualStudioVersion = 14.0.25123.0
MinimumVisualStudioVersion = 10.0.40219.1
Project("{FAE04EC0-301F-11D3-BF4B-00C04F79EFBC}") = "Laboratorio11_MVC_BD_Jiménez", "Laboratorio11_MVC_BD_Jiménez\Laboratorio11_MVC_BD_Jiménez.csproj", "{733CAEB9-67A2-4466-BC7C-5F880027219E}"
EndProject
Project("{FAE04EC0-301F-11D3-BF4B-00C04F79EFBC}") = "Modelo", "Modelo\Modelo.csproj", "{5719E8FE-4816-470C-8F92-81AC8B45A474}"
EndProject
Global
	GlobalSection(SolutionConfigurationPlatforms) = preSolution
		Debug|Any CPU = Debug|Any CPU
		Release|Any CPU = Release|Any CPU
	EndGlobalSection
	GlobalSection(ProjectConfigurationPlatforms) = postSolution
		{733CAEB9-67A2-4466-BC7C-5F880027219E}.Debug|Any CPU.ActiveCfg = Debug|Any CPU
		{733CAEB9-67A2-4466-BC7C-5F880027219E}.Debug|Any CPU.Build.0 = Debug|Any CPU
		{733CAEB9-67A2-4466-BC7C-5F880027219E}.Release|Any CPU.ActiveCfg = Release|Any CPU
		{733CAEB9-67A2-4466-BC7C-5F880027219E}.Release|Any CPU.Build.0 = Release|Any CPU
		{5719E8FE-4816-470C-8F92-81AC8B45A474}.Debug|Any CPU.ActiveCfg = Debug|Any CPU
		{5719E8FE-4816-470C-8F92-81AC8B45A474}.Debug|Any CPU.Build.0 = Debug|Any CPU
		{5719E8FE-4816-470C-8F92-81AC8B45A474}.Release|Any CPU.ActiveCfg = Release|Any CPU
		{5719E8FE-4816-470C-8F92-81AC8B45A474}.Release|Any CPU.Build.0 = Release|Any CPU
	EndGlobalSection
	GlobalSection(SolutionProperties) = preSolution
		HideSolutionNode = FALSE
	EndGlobalSection
EndGlobal
